
Microsoft Visual Studio Solution File, Format Version 12.00
# Visual Studio Version 17
VisualStudioVersion = 17.5.33424.131
MinimumVisualStudioVersion = 10.0.40219.1
Project("{FAE04EC0-301F-11D3-BF4B-00C04F79EFBC}") = "TravelMind.API", "TravelMind.API\TravelMind.API.csproj", "{8DEEF0F4-4492-4A8A-AD6E-C2B0F78FA0B6}"
EndProject
Project("{FAE04EC0-301F-11D3-BF4B-00C04F79EFBC}") = "TravelMind.BLL", "TravelMind.BLL\TravelMind.BLL.csproj", "{56039B8F-05A3-413A-8AFB-6E4AB197E2DD}"
EndProject
Project("{FAE04EC0-301F-11D3-BF4B-00C04F79EFBC}") = "TravelMind.Shared", "TravelMind.Shared\TravelMind.Shared.csproj", "{53F3C9F1-A1B2-4718-AEC8-FAF382838639}"
EndProject
Project("{FAE04EC0-301F-11D3-BF4B-00C04F79EFBC}") = "TravelMind.DAL", "TravelMind.DAL\TravelMind.DAL.csproj", "{288ADDB9-3CE7-4553-B23A-091C89784229}"
EndProject
Global
	GlobalSection(SolutionConfigurationPlatforms) = preSolution
		Debug|Any CPU = Debug|Any CPU
		Release|Any CPU = Release|Any CPU
	EndGlobalSection
	GlobalSection(ProjectConfigurationPlatforms) = postSolution
		{8DEEF0F4-4492-4A8A-AD6E-C2B0F78FA0B6}.Debug|Any CPU.ActiveCfg = Debug|Any CPU
		{8DEEF0F4-4492-4A8A-AD6E-C2B0F78FA0B6}.Debug|Any CPU.Build.0 = Debug|Any CPU
		{8DEEF0F4-4492-4A8A-AD6E-C2B0F78FA0B6}.Release|Any CPU.ActiveCfg = Release|Any CPU
		{8DEEF0F4-4492-4A8A-AD6E-C2B0F78FA0B6}.Release|Any CPU.Build.0 = Release|Any CPU
		{56039B8F-05A3-413A-8AFB-6E4AB197E2DD}.Debug|Any CPU.ActiveCfg = Debug|Any CPU
		{56039B8F-05A3-413A-8AFB-6E4AB197E2DD}.Debug|Any CPU.Build.0 = Debug|Any CPU
		{56039B8F-05A3-413A-8AFB-6E4AB197E2DD}.Release|Any CPU.ActiveCfg = Release|Any CPU
		{56039B8F-05A3-413A-8AFB-6E4AB197E2DD}.Release|Any CPU.Build.0 = Release|Any CPU
		{53F3C9F1-A1B2-4718-AEC8-FAF382838639}.Debug|Any CPU.ActiveCfg = Debug|Any CPU
		{53F3C9F1-A1B2-4718-AEC8-FAF382838639}.Debug|Any CPU.Build.0 = Debug|Any CPU
		{53F3C9F1-A1B2-4718-AEC8-FAF382838639}.Release|Any CPU.ActiveCfg = Release|Any CPU
		{53F3C9F1-A1B2-4718-AEC8-FAF382838639}.Release|Any CPU.Build.0 = Release|Any CPU
		{288ADDB9-3CE7-4553-B23A-091C89784229}.Debug|Any CPU.ActiveCfg = Debug|Any CPU
		{288ADDB9-3CE7-4553-B23A-091C89784229}.Debug|Any CPU.Build.0 = Debug|Any CPU
		{288ADDB9-3CE7-4553-B23A-091C89784229}.Release|Any CPU.ActiveCfg = Release|Any CPU
		{288ADDB9-3CE7-4553-B23A-091C89784229}.Release|Any CPU.Build.0 = Release|Any CPU
	EndGlobalSection
	GlobalSection(SolutionProperties) = preSolution
		HideSolutionNode = FALSE
	EndGlobalSection
	GlobalSection(ExtensibilityGlobals) = postSolution
		SolutionGuid = {2CA5F557-528F-43F9-863A-C92FAD329BBE}
	EndGlobalSection
EndGlobal
